hash: bfc5ea44f9370392e4b7c2e78072be608e7262068b66de6e6e04af24ee204309
updated: 2017-05-18T16:01:25.530739116+08:00
imports:
- name: github.com/astaxie/beego
  version: 7452151beec2f43c42122fd91b7523bcbccf05be
  subpackages:
  - logs
- name: github.com/BurntSushi/toml
  version: b26d9c308763d68093482582cea63d69be07a0f0
- name: github.com/fwhappy/protocal
  version: 12b5696436da173529d4d5f4ede45c41453a5bf5
- name: github.com/fwhappy/util
  version: 60387c761802214a3698f60055c0ff0a8d592ad3
testImports: []
